
Microsoft Visual Studio Solution File, Format Version 12.00
# Visual Studio Version 16
VisualStudioVersion = 16.0.31829.152
MinimumVisualStudioVersion = 10.0.40219.1
Project("{FAE04EC0-301F-11D3-BF4B-00C04F79EFBC}") = "CreationModelPlagin", "CreationModelPlagin\CreationModelPlagin.csproj", "{28FA8AEE-E69F-45A7-A143-E039AE323929}"
EndProject
Global
	GlobalSection(SolutionConfigurationPlatforms) = preSolution
		Debug|Any CPU = Debug|Any CPU
		Release|Any CPU = Release|Any CPU
	EndGlobalSection
	GlobalSection(ProjectConfigurationPlatforms) = postSolution
		{28FA8AEE-E69F-45A7-A143-E039AE323929}.Debug|Any CPU.ActiveCfg = Debug|Any CPU
		{28FA8AEE-E69F-45A7-A143-E039AE323929}.Debug|Any CPU.Build.0 = Debug|Any CPU
		{28FA8AEE-E69F-45A7-A143-E039AE323929}.Release|Any CPU.ActiveCfg = Release|Any CPU
		{28FA8AEE-E69F-45A7-A143-E039AE323929}.Release|Any CPU.Build.0 = Release|Any CPU
	EndGlobalSection
	GlobalSection(SolutionProperties) = preSolution
		HideSolutionNode = FALSE
	EndGlobalSection
	GlobalSection(ExtensibilityGlobals) = postSolution
		SolutionGuid = {933F16DA-950F-400E-9AF4-CA20BC4E0362}
	EndGlobalSection
EndGlobal
